
Microsoft Visual Studio Solution File, Format Version 12.00
# Visual Studio 15
VisualStudioVersion = 15.0.27130.2027
MinimumVisualStudioVersion = 10.0.40219.1
Project("{FAE04EC0-301F-11D3-BF4B-00C04F79EFBC}") = "WebApplicationDreamProject", "WebApplicationDreamProject\WebApplicationDreamProject.csproj", "{BC62E886-ADBB-49ED-8AE0-862DBBA1EC82}"
EndProject
Global
	GlobalSection(SolutionConfigurationPlatforms) = preSolution
		Debug|Any CPU = Debug|Any CPU
		Release|Any CPU = Release|Any CPU
	EndGlobalSection
	GlobalSection(ProjectConfigurationPlatforms) = postSolution
		{BC62E886-ADBB-49ED-8AE0-862DBBA1EC82}.Debug|Any CPU.ActiveCfg = Debug|Any CPU
		{BC62E886-ADBB-49ED-8AE0-862DBBA1EC82}.Debug|Any CPU.Build.0 = Debug|Any CPU
		{BC62E886-ADBB-49ED-8AE0-862DBBA1EC82}.Release|Any CPU.ActiveCfg = Release|Any CPU
		{BC62E886-ADBB-49ED-8AE0-862DBBA1EC82}.Release|Any CPU.Build.0 = Release|Any CPU
	EndGlobalSection
	GlobalSection(SolutionProperties) = preSolution
		HideSolutionNode = FALSE
	EndGlobalSection
	GlobalSection(ExtensibilityGlobals) = postSolution
		SolutionGuid = {8DEF27D5-8BBC-4C81-BCBA-7AA8429FDAA5}
	EndGlobalSection
EndGlobal
